
Microsoft Visual Studio Solution File, Format Version 12.00
# Visual Studio 15
VisualStudioVersion = 15.0.28307.329
MinimumVisualStudioVersion = 10.0.40219.1
Project("{9A19103F-16F7-4668-BE54-9A1E7A4F7556}") = "OdeToFood", "OdeToFood.csproj", "{CE130A61-654D-4EEB-AE22-BFB61362408C}"
EndProject
Project("{9A19103F-16F7-4668-BE54-9A1E7A4F7556}") = "OdeToFood.Core", "..\OdeToFood.Core\OdeToFood.Core.csproj", "{957869D5-182F-40E4-BD74-5504F8668AF9}"
EndProject
Project("{9A19103F-16F7-4668-BE54-9A1E7A4F7556}") = "OdeToFood.Data", "..\OdeToFood.Data\OdeToFood.Data.csproj", "{97472BD3-BA13-4DB3-99C5-72D34C04DF96}"
EndProject
Global
	GlobalSection(SolutionConfigurationPlatforms) = preSolution
		Debug|Any CPU = Debug|Any CPU
		Release|Any CPU = Release|Any CPU
	EndGlobalSection
	GlobalSection(ProjectConfigurationPlatforms) = postSolution
		{CE130A61-654D-4EEB-AE22-BFB61362408C}.Debug|Any CPU.ActiveCfg = Debug|Any CPU
		{CE130A61-654D-4EEB-AE22-BFB61362408C}.Debug|Any CPU.Build.0 = Debug|Any CPU
		{CE130A61-654D-4EEB-AE22-BFB61362408C}.Release|Any CPU.ActiveCfg = Release|Any CPU
		{CE130A61-654D-4EEB-AE22-BFB61362408C}.Release|Any CPU.Build.0 = Release|Any CPU
		{957869D5-182F-40E4-BD74-5504F8668AF9}.Debug|Any CPU.ActiveCfg = Debug|Any CPU
		{957869D5-182F-40E4-BD74-5504F8668AF9}.Debug|Any CPU.Build.0 = Debug|Any CPU
		{957869D5-182F-40E4-BD74-5504F8668AF9}.Release|Any CPU.ActiveCfg = Release|Any CPU
		{957869D5-182F-40E4-BD74-5504F8668AF9}.Release|Any CPU.Build.0 = Release|Any CPU
		{97472BD3-BA13-4DB3-99C5-72D34C04DF96}.Debug|Any CPU.ActiveCfg = Debug|Any CPU
		{97472BD3-BA13-4DB3-99C5-72D34C04DF96}.Debug|Any CPU.Build.0 = Debug|Any CPU
		{97472BD3-BA13-4DB3-99C5-72D34C04DF96}.Release|Any CPU.ActiveCfg = Release|Any CPU
		{97472BD3-BA13-4DB3-99C5-72D34C04DF96}.Release|Any CPU.Build.0 = Release|Any CPU
	EndGlobalSection
	GlobalSection(SolutionProperties) = preSolution
		HideSolutionNode = FALSE
	EndGlobalSection
	GlobalSection(ExtensibilityGlobals) = postSolution
		SolutionGuid = {C750FDB7-46D0-4D7B-B753-051860591C29}
	EndGlobalSection
EndGlobal
